
Microsoft Visual Studio Solution File, Format Version 12.00
# Visual Studio Version 17
VisualStudioVersion = 17.5.002.0
MinimumVisualStudioVersion = 10.0.40219.1
Project("{9A19103F-16F7-4668-BE54-9A1E7A4F7556}") = "iOperaciones", "iOperaciones.csproj", "{7EE45FAF-3751-49D0-A9EF-498EFB753FAA}"
EndProject
Global
	GlobalSection(SolutionConfigurationPlatforms) = preSolution
		Debug|Any CPU = Debug|Any CPU
		Release|Any CPU = Release|Any CPU
	EndGlobalSection
	GlobalSection(ProjectConfigurationPlatforms) = postSolution
		{7EE45FAF-3751-49D0-A9EF-498EFB753FAA}.Debug|Any CPU.ActiveCfg = Debug|Any CPU
		{7EE45FAF-3751-49D0-A9EF-498EFB753FAA}.Debug|Any CPU.Build.0 = Debug|Any CPU
		{7EE45FAF-3751-49D0-A9EF-498EFB753FAA}.Release|Any CPU.ActiveCfg = Release|Any CPU
		{7EE45FAF-3751-49D0-A9EF-498EFB753FAA}.Release|Any CPU.Build.0 = Release|Any CPU
	EndGlobalSection
	GlobalSection(SolutionProperties) = preSolution
		HideSolutionNode = FALSE
	EndGlobalSection
	GlobalSection(ExtensibilityGlobals) = postSolution
		SolutionGuid = {88FB7803-1A5D-41BC-BC74-884F9DBA8EBB}
	EndGlobalSection
EndGlobal
